
Microsoft Visual Studio Solution File, Format Version 12.00
# Visual Studio Version 17
VisualStudioVersion = 17.8.34316.72
MinimumVisualStudioVersion = 10.0.40219.1
Project("{9A19103F-16F7-4668-BE54-9A1E7A4F7556}") = "WooDopShop_UI", "WooDopShop_UI.csproj", "{0BDB00D4-1166-4D9D-BC85-1FE7675689AB}"
EndProject
Project("{FAE04EC0-301F-11D3-BF4B-00C04F79EFBC}") = "WooDopShop_Models", "..\WooDopShop_Models\WooDopShop_Models.csproj", "{34C4A5D0-6943-4481-A288-89CE90DB5A1F}"
EndProject
Global
	GlobalSection(SolutionConfigurationPlatforms) = preSolution
		Debug|Any CPU = Debug|Any CPU
		Release|Any CPU = Release|Any CPU
	EndGlobalSection
	GlobalSection(ProjectConfigurationPlatforms) = postSolution
		{0BDB00D4-1166-4D9D-BC85-1FE7675689AB}.Debug|Any CPU.ActiveCfg = Debug|Any CPU
		{0BDB00D4-1166-4D9D-BC85-1FE7675689AB}.Debug|Any CPU.Build.0 = Debug|Any CPU
		{0BDB00D4-1166-4D9D-BC85-1FE7675689AB}.Release|Any CPU.ActiveCfg = Release|Any CPU
		{0BDB00D4-1166-4D9D-BC85-1FE7675689AB}.Release|Any CPU.Build.0 = Release|Any CPU
		{34C4A5D0-6943-4481-A288-89CE90DB5A1F}.Debug|Any CPU.ActiveCfg = Debug|Any CPU
		{34C4A5D0-6943-4481-A288-89CE90DB5A1F}.Debug|Any CPU.Build.0 = Debug|Any CPU
		{34C4A5D0-6943-4481-A288-89CE90DB5A1F}.Release|Any CPU.ActiveCfg = Release|Any CPU
		{34C4A5D0-6943-4481-A288-89CE90DB5A1F}.Release|Any CPU.Build.0 = Release|Any CPU
	EndGlobalSection
	GlobalSection(SolutionProperties) = preSolution
		HideSolutionNode = FALSE
	EndGlobalSection
	GlobalSection(ExtensibilityGlobals) = postSolution
		SolutionGuid = {60C381E2-7D27-48F9-B9ED-E3227269A416}
	EndGlobalSection
EndGlobal
